
Microsoft Visual Studio Solution File, Format Version 12.00
# Visual Studio Version 17
VisualStudioVersion = 17.11.35327.3
MinimumVisualStudioVersion = 10.0.40219.1
Project("{9A19103F-16F7-4668-BE54-9A1E7A4F7556}") = "DogHouse", "DogHouse\DogHouse.csproj", "{042111A5-FB49-44EB-9194-C5B3F8A56A2D}"
EndProject
Project("{FAE04EC0-301F-11D3-BF4B-00C04F79EFBC}") = "Tests", "Tests\Tests.csproj", "{10C812DD-C879-46A0-B5E9-B01384328EB2}"
	ProjectSection(ProjectDependencies) = postProject
		{042111A5-FB49-44EB-9194-C5B3F8A56A2D} = {042111A5-FB49-44EB-9194-C5B3F8A56A2D}
	EndProjectSection
EndProject
Global
	GlobalSection(SolutionConfigurationPlatforms) = preSolution
		Debug|Any CPU = Debug|Any CPU
		Release|Any CPU = Release|Any CPU
	EndGlobalSection
	GlobalSection(ProjectConfigurationPlatforms) = postSolution
		{042111A5-FB49-44EB-9194-C5B3F8A56A2D}.Debug|Any CPU.ActiveCfg = Debug|Any CPU
		{042111A5-FB49-44EB-9194-C5B3F8A56A2D}.Debug|Any CPU.Build.0 = Debug|Any CPU
		{042111A5-FB49-44EB-9194-C5B3F8A56A2D}.Release|Any CPU.ActiveCfg = Release|Any CPU
		{042111A5-FB49-44EB-9194-C5B3F8A56A2D}.Release|Any CPU.Build.0 = Release|Any CPU
		{10C812DD-C879-46A0-B5E9-B01384328EB2}.Debug|Any CPU.ActiveCfg = Debug|Any CPU
		{10C812DD-C879-46A0-B5E9-B01384328EB2}.Debug|Any CPU.Build.0 = Debug|Any CPU
		{10C812DD-C879-46A0-B5E9-B01384328EB2}.Release|Any CPU.ActiveCfg = Release|Any CPU
		{10C812DD-C879-46A0-B5E9-B01384328EB2}.Release|Any CPU.Build.0 = Release|Any CPU
	EndGlobalSection
	GlobalSection(SolutionProperties) = preSolution
		HideSolutionNode = FALSE
	EndGlobalSection
	GlobalSection(ExtensibilityGlobals) = postSolution
		SolutionGuid = {7E18C4BE-D1BC-402A-AE13-A99A09AD0153}
	EndGlobalSection
EndGlobal
